
Microsoft Visual Studio Solution File, Format Version 12.00
# Visual Studio Version 17
VisualStudioVersion = 17.13.35507.96 d17.13
MinimumVisualStudioVersion = 10.0.40219.1
Project("{FAE04EC0-301F-11D3-BF4B-00C04F79EFBC}") = "Lab_5", "Lab_5\Lab_5.csproj", "{184B04C0-D2F1-4FA4-9C97-263365315C86}"
EndProject
Global
	GlobalSection(SolutionConfigurationPlatforms) = preSolution
		Debug|Any CPU = Debug|Any CPU
		Release|Any CPU = Release|Any CPU
	EndGlobalSection
	GlobalSection(ProjectConfigurationPlatforms) = postSolution
		{184B04C0-D2F1-4FA4-9C97-263365315C86}.Debug|Any CPU.ActiveCfg = Debug|Any CPU
		{184B04C0-D2F1-4FA4-9C97-263365315C86}.Debug|Any CPU.Build.0 = Debug|Any CPU
		{184B04C0-D2F1-4FA4-9C97-263365315C86}.Release|Any CPU.ActiveCfg = Release|Any CPU
		{184B04C0-D2F1-4FA4-9C97-263365315C86}.Release|Any CPU.Build.0 = Release|Any CPU
	EndGlobalSection
	GlobalSection(SolutionProperties) = preSolution
		HideSolutionNode = FALSE
	EndGlobalSection
	GlobalSection(ExtensibilityGlobals) = postSolution
		SolutionGuid = {11634AEC-99F8-437B-9069-F63279CBD950}
	EndGlobalSection
EndGlobal
